
Microsoft Visual Studio Solution File, Format Version 12.00
# Visual Studio Version 16
VisualStudioVersion = 16.0.31911.196
MinimumVisualStudioVersion = 10.0.40219.1
Project("{8BC9CEB8-8B4A-11D0-8D11-00A0C91BC942}") = "13UDPClient", "13UDPClient\13UDPClient.vcxproj", "{C9A7A7FD-B3F2-44D0-A43F-4D47EFED254B}"
EndProject
Global
	GlobalSection(SolutionConfigurationPlatforms) = preSolution
		Debug|x64 = Debug|x64
		Debug|x86 = Debug|x86
		Release|x64 = Release|x64
		Release|x86 = Release|x86
	EndGlobalSection
	GlobalSection(ProjectConfigurationPlatforms) = postSolution
		{C9A7A7FD-B3F2-44D0-A43F-4D47EFED254B}.Debug|x64.ActiveCfg = Debug|x64
		{C9A7A7FD-B3F2-44D0-A43F-4D47EFED254B}.Debug|x64.Build.0 = Debug|x64
		{C9A7A7FD-B3F2-44D0-A43F-4D47EFED254B}.Debug|x86.ActiveCfg = Debug|Win32
		{C9A7A7FD-B3F2-44D0-A43F-4D47EFED254B}.Debug|x86.Build.0 = Debug|Win32
		{C9A7A7FD-B3F2-44D0-A43F-4D47EFED254B}.Release|x64.ActiveCfg = Release|x64
		{C9A7A7FD-B3F2-44D0-A43F-4D47EFED254B}.Release|x64.Build.0 = Release|x64
		{C9A7A7FD-B3F2-44D0-A43F-4D47EFED254B}.Release|x86.ActiveCfg = Release|Win32
		{C9A7A7FD-B3F2-44D0-A43F-4D47EFED254B}.Release|x86.Build.0 = Release|Win32
	EndGlobalSection
	GlobalSection(SolutionProperties) = preSolution
		HideSolutionNode = FALSE
	EndGlobalSection
	GlobalSection(ExtensibilityGlobals) = postSolution
		SolutionGuid = {6024DA4A-89BA-4424-9C58-7318AF05FD22}
	EndGlobalSection
EndGlobal
